
Microsoft Visual Studio Solution File, Format Version 12.00
# Visual Studio Version 16
VisualStudioVersion = 16.0.30413.136
MinimumVisualStudioVersion = 10.0.40219.1
Project("{2150E333-8FDC-42A3-9474-1A3956D46DE8}") = "src", "src", "{C3B2E51F-C6AE-4B0C-ACA6-90B2EA462DF3}"
EndProject
Project("{2150E333-8FDC-42A3-9474-1A3956D46DE8}") = "Building Blocks", "Building Blocks", "{F90C4373-CA21-4094-B6E1-01B2A9712CE0}"
EndProject
Project("{2150E333-8FDC-42A3-9474-1A3956D46DE8}") = "Services", "Services", "{2365F0F6-F927-4B10-AD4B-A28451946782}"
EndProject
Project("{2150E333-8FDC-42A3-9474-1A3956D46DE8}") = "Web", "Web", "{423BBFC0-87AB-425F-BA78-934F38198E08}"
EndProject
Project("{2150E333-8FDC-42A3-9474-1A3956D46DE8}") = "Identidade", "Identidade", "{3B52C472-5E02-4E14-A219-CB7A0F1CD3C8}"
EndProject
Project("{9A19103F-16F7-4668-BE54-9A1E7A4F7556}") = "NSE.Identidade.API", "src\services\NSE.Identidade.API\NSE.Identidade.API.csproj", "{C17736D1-54F0-4D79-B3EF-2CAD5C53529D}"
EndProject
Project("{2150E333-8FDC-42A3-9474-1A3956D46DE8}") = "MVC", "MVC", "{F72804C6-65DF-4A8E-BE73-879334932A2D}"
EndProject
Project("{9A19103F-16F7-4668-BE54-9A1E7A4F7556}") = "NSE.WebApp.MVC", "src\web\NSE.WebApp.MVC\NSE.WebApp.MVC.csproj", "{679C3610-5CFE-4953-AD79-F11D4063C7E7}"
EndProject
Project("{2150E333-8FDC-42A3-9474-1A3956D46DE8}") = "Core", "Core", "{65EC60D5-57FF-4F13-BC8D-AD52A782EE83}"
EndProject
Project("{9A19103F-16F7-4668-BE54-9A1E7A4F7556}") = "NSE.Core", "src\buildingblocks\NSE.Core\NSE.Core.csproj", "{CE9C3E89-1CA7-47FE-B7A6-4F15614F2BF4}"
EndProject
Project("{2150E333-8FDC-42A3-9474-1A3956D46DE8}") = "Carrinho", "Carrinho", "{28E480B5-75F1-427E-B945-E7532AB349FF}"
EndProject
Project("{9A19103F-16F7-4668-BE54-9A1E7A4F7556}") = "NSE.Carrinho.API", "src\services\NSE.Carrinho.API\NSE.Carrinho.API.csproj", "{6FA6805B-07EB-4E2D-A016-3B710BFF5923}"
EndProject
Project("{2150E333-8FDC-42A3-9474-1A3956D46DE8}") = "Catalogo", "Catalogo", "{7443A6A4-EF18-4F88-90BB-26D9A4E3423B}"
EndProject
Project("{9A19103F-16F7-4668-BE54-9A1E7A4F7556}") = "NSE.Catalogo.API", "src\services\NSE.Catalogo.API\NSE.Catalogo.API.csproj", "{D3CE9388-5B4D-48C8-95F7-BEB653C9B313}"
EndProject
Project("{2150E333-8FDC-42A3-9474-1A3956D46DE8}") = "Cliente", "Cliente", "{17979600-A884-4A9E-BC43-8A79F582B8C9}"
EndProject
Project("{9A19103F-16F7-4668-BE54-9A1E7A4F7556}") = "NSE.Cliente.API", "src\services\NSE.Cliente.API\NSE.Cliente.API.csproj", "{EFD5B32A-73D2-4C98-8D92-B222B8205A3A}"
EndProject
Project("{2150E333-8FDC-42A3-9474-1A3956D46DE8}") = "Pagamento", "Pagamento", "{86D2C697-6641-4AD4-AC4C-0318406ABD53}"
EndProject
Project("{9A19103F-16F7-4668-BE54-9A1E7A4F7556}") = "NSE.Pagamento.API", "src\services\NSE.Pagamento.API\NSE.Pagamento.API.csproj", "{111F3C7C-B6C8-4079-982C-700B8E6BEF4E}"
EndProject
Project("{2150E333-8FDC-42A3-9474-1A3956D46DE8}") = "Pedido", "Pedido", "{C3C791FA-FB58-4655-A5CF-040DF6F05E71}"
EndProject
Project("{9A19103F-16F7-4668-BE54-9A1E7A4F7556}") = "NSE.Pedido.API", "src\services\NSE.Pedido.API\NSE.Pedido.API.csproj", "{A0B835A3-7B08-45E2-AF89-8F7CE434134C}"
EndProject
Project("{2150E333-8FDC-42A3-9474-1A3956D46DE8}") = "Services", "Services", "{D713F2AB-0B0E-4279-BBB5-434C87050927}"
EndProject
Project("{FAE04EC0-301F-11D3-BF4B-00C04F79EFBC}") = "NSE.WebAPI.Core", "src\buildingblocks\NSE.WebAPI.Core\NSE.WebAPI.Core.csproj", "{7E9C3D96-FC57-47D1-82CC-823B3BCC61EB}"
EndProject
Global
	GlobalSection(SolutionConfigurationPlatforms) = preSolution
		Debug|Any CPU = Debug|Any CPU
		Release|Any CPU = Release|Any CPU
	EndGlobalSection
	GlobalSection(ProjectConfigurationPlatforms) = postSolution
		{C17736D1-54F0-4D79-B3EF-2CAD5C53529D}.Debug|Any CPU.ActiveCfg = Debug|Any CPU
		{C17736D1-54F0-4D79-B3EF-2CAD5C53529D}.Debug|Any CPU.Build.0 = Debug|Any CPU
		{C17736D1-54F0-4D79-B3EF-2CAD5C53529D}.Release|Any CPU.ActiveCfg = Release|Any CPU
		{C17736D1-54F0-4D79-B3EF-2CAD5C53529D}.Release|Any CPU.Build.0 = Release|Any CPU
		{679C3610-5CFE-4953-AD79-F11D4063C7E7}.Debug|Any CPU.ActiveCfg = Debug|Any CPU
		{679C3610-5CFE-4953-AD79-F11D4063C7E7}.Debug|Any CPU.Build.0 = Debug|Any CPU
		{679C3610-5CFE-4953-AD79-F11D4063C7E7}.Release|Any CPU.ActiveCfg = Release|Any CPU
		{679C3610-5CFE-4953-AD79-F11D4063C7E7}.Release|Any CPU.Build.0 = Release|Any CPU
		{CE9C3E89-1CA7-47FE-B7A6-4F15614F2BF4}.Debug|Any CPU.ActiveCfg = Debug|Any CPU
		{CE9C3E89-1CA7-47FE-B7A6-4F15614F2BF4}.Debug|Any CPU.Build.0 = Debug|Any CPU
		{CE9C3E89-1CA7-47FE-B7A6-4F15614F2BF4}.Release|Any CPU.ActiveCfg = Release|Any CPU
		{CE9C3E89-1CA7-47FE-B7A6-4F15614F2BF4}.Release|Any CPU.Build.0 = Release|Any CPU
		{6FA6805B-07EB-4E2D-A016-3B710BFF5923}.Debug|Any CPU.ActiveCfg = Debug|Any CPU
		{6FA6805B-07EB-4E2D-A016-3B710BFF5923}.Debug|Any CPU.Build.0 = Debug|Any CPU
		{6FA6805B-07EB-4E2D-A016-3B710BFF5923}.Release|Any CPU.ActiveCfg = Release|Any CPU
		{6FA6805B-07EB-4E2D-A016-3B710BFF5923}.Release|Any CPU.Build.0 = Release|Any CPU
		{D3CE9388-5B4D-48C8-95F7-BEB653C9B313}.Debug|Any CPU.ActiveCfg = Debug|Any CPU
		{D3CE9388-5B4D-48C8-95F7-BEB653C9B313}.Debug|Any CPU.Build.0 = Debug|Any CPU
		{D3CE9388-5B4D-48C8-95F7-BEB653C9B313}.Release|Any CPU.ActiveCfg = Release|Any CPU
		{D3CE9388-5B4D-48C8-95F7-BEB653C9B313}.Release|Any CPU.Build.0 = Release|Any CPU
		{EFD5B32A-73D2-4C98-8D92-B222B8205A3A}.Debug|Any CPU.ActiveCfg = Debug|Any CPU
		{EFD5B32A-73D2-4C98-8D92-B222B8205A3A}.Debug|Any CPU.Build.0 = Debug|Any CPU
		{EFD5B32A-73D2-4C98-8D92-B222B8205A3A}.Release|Any CPU.ActiveCfg = Release|Any CPU
		{EFD5B32A-73D2-4C98-8D92-B222B8205A3A}.Release|Any CPU.Build.0 = Release|Any CPU
		{111F3C7C-B6C8-4079-982C-700B8E6BEF4E}.Debug|Any CPU.ActiveCfg = Debug|Any CPU
		{111F3C7C-B6C8-4079-982C-700B8E6BEF4E}.Debug|Any CPU.Build.0 = Debug|Any CPU
		{111F3C7C-B6C8-4079-982C-700B8E6BEF4E}.Release|Any CPU.ActiveCfg = Release|Any CPU
		{111F3C7C-B6C8-4079-982C-700B8E6BEF4E}.Release|Any CPU.Build.0 = Release|Any CPU
		{A0B835A3-7B08-45E2-AF89-8F7CE434134C}.Debug|Any CPU.ActiveCfg = Debug|Any CPU
		{A0B835A3-7B08-45E2-AF89-8F7CE434134C}.Debug|Any CPU.Build.0 = Debug|Any CPU
		{A0B835A3-7B08-45E2-AF89-8F7CE434134C}.Release|Any CPU.ActiveCfg = Release|Any CPU
		{A0B835A3-7B08-45E2-AF89-8F7CE434134C}.Release|Any CPU.Build.0 = Release|Any CPU
		{7E9C3D96-FC57-47D1-82CC-823B3BCC61EB}.Debug|Any CPU.ActiveCfg = Debug|Any CPU
		{7E9C3D96-FC57-47D1-82CC-823B3BCC61EB}.Debug|Any CPU.Build.0 = Debug|Any CPU
		{7E9C3D96-FC57-47D1-82CC-823B3BCC61EB}.Release|Any CPU.ActiveCfg = Release|Any CPU
		{7E9C3D96-FC57-47D1-82CC-823B3BCC61EB}.Release|Any CPU.Build.0 = Release|Any CPU
	EndGlobalSection
	GlobalSection(SolutionProperties) = preSolution
		HideSolutionNode = FALSE
	EndGlobalSection
	GlobalSection(NestedProjects) = preSolution
		{F90C4373-CA21-4094-B6E1-01B2A9712CE0} = {C3B2E51F-C6AE-4B0C-ACA6-90B2EA462DF3}
		{2365F0F6-F927-4B10-AD4B-A28451946782} = {C3B2E51F-C6AE-4B0C-ACA6-90B2EA462DF3}
		{423BBFC0-87AB-425F-BA78-934F38198E08} = {C3B2E51F-C6AE-4B0C-ACA6-90B2EA462DF3}
		{3B52C472-5E02-4E14-A219-CB7A0F1CD3C8} = {2365F0F6-F927-4B10-AD4B-A28451946782}
		{C17736D1-54F0-4D79-B3EF-2CAD5C53529D} = {3B52C472-5E02-4E14-A219-CB7A0F1CD3C8}
		{F72804C6-65DF-4A8E-BE73-879334932A2D} = {423BBFC0-87AB-425F-BA78-934F38198E08}
		{679C3610-5CFE-4953-AD79-F11D4063C7E7} = {F72804C6-65DF-4A8E-BE73-879334932A2D}
		{65EC60D5-57FF-4F13-BC8D-AD52A782EE83} = {F90C4373-CA21-4094-B6E1-01B2A9712CE0}
		{CE9C3E89-1CA7-47FE-B7A6-4F15614F2BF4} = {65EC60D5-57FF-4F13-BC8D-AD52A782EE83}
		{28E480B5-75F1-427E-B945-E7532AB349FF} = {2365F0F6-F927-4B10-AD4B-A28451946782}
		{6FA6805B-07EB-4E2D-A016-3B710BFF5923} = {28E480B5-75F1-427E-B945-E7532AB349FF}
		{7443A6A4-EF18-4F88-90BB-26D9A4E3423B} = {2365F0F6-F927-4B10-AD4B-A28451946782}
		{D3CE9388-5B4D-48C8-95F7-BEB653C9B313} = {7443A6A4-EF18-4F88-90BB-26D9A4E3423B}
		{17979600-A884-4A9E-BC43-8A79F582B8C9} = {2365F0F6-F927-4B10-AD4B-A28451946782}
		{EFD5B32A-73D2-4C98-8D92-B222B8205A3A} = {17979600-A884-4A9E-BC43-8A79F582B8C9}
		{86D2C697-6641-4AD4-AC4C-0318406ABD53} = {2365F0F6-F927-4B10-AD4B-A28451946782}
		{111F3C7C-B6C8-4079-982C-700B8E6BEF4E} = {86D2C697-6641-4AD4-AC4C-0318406ABD53}
		{C3C791FA-FB58-4655-A5CF-040DF6F05E71} = {2365F0F6-F927-4B10-AD4B-A28451946782}
		{A0B835A3-7B08-45E2-AF89-8F7CE434134C} = {C3C791FA-FB58-4655-A5CF-040DF6F05E71}
		{D713F2AB-0B0E-4279-BBB5-434C87050927} = {F90C4373-CA21-4094-B6E1-01B2A9712CE0}
		{7E9C3D96-FC57-47D1-82CC-823B3BCC61EB} = {D713F2AB-0B0E-4279-BBB5-434C87050927}
	EndGlobalSection
	GlobalSection(ExtensibilityGlobals) = postSolution
		SolutionGuid = {16CC750B-34C8-498C-B274-DB9841C7A17C}
	EndGlobalSection
EndGlobal
